uuid: 7fc78d96-035b-4cf5-abcc-10059f568fdc
langcode: en
status: true
dependencies:
  module:
    - commerce_currency_resolver
    - system
  theme:
    - IOI_theme
id: currencyblock
theme: IOI_theme
region: footer_excheng
weight: -22
provider: null
plugin: commerce_currency_resolver
settings:
  id: commerce_currency_resolver
  label: 'Currency block'
  provider: commerce_currency_resolver
  label_display: '0'
visibility:
  request_path:
    id: request_path
    pages: "<front>\r\n/news\r\n/news/*\r\n/node/*"
    negate: true
